
Microsoft Visual Studio Solution File, Format Version 12.00
# Visual Studio 2012
Project("{8BC9CEB8-8B4A-11D0-8D11-00A0C91BC942}") = "MPI_lab_3", "MPI_lab_3\MPI_lab_3.vcxproj", "{092008A2-5C41-44B4-806B-3EC24524EF16}"
EndProject
Global
	GlobalSection(SolutionConfigurationPlatforms) = preSolution
		Debug|Win32 = Debug|Win32
		Release|Win32 = Release|Win32
	EndGlobalSection
	GlobalSection(ProjectConfigurationPlatforms) = postSolution
		{092008A2-5C41-44B4-806B-3EC24524EF16}.Debug|Win32.ActiveCfg = Debug|Win32
		{092008A2-5C41-44B4-806B-3EC24524EF16}.Debug|Win32.Build.0 = Debug|Win32
		{092008A2-5C41-44B4-806B-3EC24524EF16}.Release|Win32.ActiveCfg = Release|Win32
		{092008A2-5C41-44B4-806B-3EC24524EF16}.Release|Win32.Build.0 = Release|Win32
	EndGlobalSection
	GlobalSection(SolutionProperties) = preSolution
		HideSolutionNode = FALSE
	EndGlobalSection
EndGlobal
